// !$*UTF8*$!
{
	archiveVersion = 1;
	classes = {
	};
	objectVersion = 46;
	objects = {

/* Begin PBXBuildFile section */
		2697EAC41DD30A5500490B2D /* AppDelegate.swift in Sources */ = {isa = PBXBuildFile; fileRef = 2697EAC31DD30A5500490B2D /* AppDelegate.swift */; };
		2697EAC61DD30A5500490B2D /* ViewController.swift in Sources */ = {isa = PBXBuildFile; fileRef = 2697EAC51DD30A5500490B2D /* ViewController.swift */; };
		2697EAC91DD30A5500490B2D /* Main.storyboard in Resources */ = {isa = PBXBuildFile; fileRef = 2697EAC71DD30A5500490B2D /* Main.storyboard */; };
		2697EACB1DD30A5500490B2D /* Assets.xcassets in Resources */ = {isa = PBXBuildFile; fileRef = 2697EACA1DD30A5500490B2D /* Assets.xcassets */; };
		2697EACE1DD30A5500490B2D /* LaunchScreen.storyboard in Resources */ = {isa = PBXBuildFile; fileRef = 2697EACC1DD30A5500490B2D /* LaunchScreen.storyboard */; };
		2697EAD91DD30A5500490B2D /* DYTVTests.swift in Sources */ = {isa = PBXBuildFile; fileRef = 2697EAD81DD30A5500490B2D /* DYTVTests.swift */; };
		2697EAE41DD30A5500490B2D /* DYTVUITests.swift in Sources */ = {isa = PBXBuildFile; fileRef = 2697EAE31DD30A5500490B2D /* DYTVUITests.swift */; };
/* End PBXBuildFile section */

/* Begin PBXContainerItemProxy section */
		2697EAD51DD30A5500490B2D /* PBXContainerItemProxy */ = {
			isa = PBXContainerItemProxy;
			containerPortal = 2697EAB81DD30A5500490B2D /* Project object */;
			proxyType = 1;
			remoteGlobalIDString = 2697EABF1DD30A5500490B2D;
			remoteInfo = DYTV;
		};
		2697EAE01DD30A5500490B2D /* PBXContainerItemProxy */ = {
			isa = PBXContainerItemProxy;
			containerPortal = 2697EAB81DD30A5500490B2D /* Project object */;
			proxyType = 1;
			remoteGlobalIDString = 2697EABF1DD30A5500490B2D;
			remoteInfo = DYTV;
		};
/* End PBXContainerItemProxy section */

/* Begin PBXFileReference section */
		2697EAC01DD30A5500490B2D /* DYTV.app */ = {isa = PBXFileReference; explicitFileType = wrapper.application; includeInIndex = 0; path = DYTV.app; sourceTree = BUILT_PRODUCTS_DIR; };
		2697EAC31DD30A5500490B2D /* AppDelegate.swift */ = {isa = PBXFileReference; lastKnownFileType = sourcecode.swift; path = AppDelegate.swift; sourceTree = "<group>"; };
		2697EAC51DD30A5500490B2D /* ViewController.swift */ = {isa = PBXFileReference; lastKnownFileType = sourcecode.swift; path = ViewController.swift; sourceTree = "<group>"; };
		2697EAC81DD30A5500490B2D /* Base */ = {isa = PBXFileReference; lastKnownFileType = file.storyboard; name = Base; path = Base.lproj/Main.storyboard; sourceTree = "<group>"; };
		2697EACA1DD30A5500490B2D /* Assets.xcassets */ = {isa = PBXFileReference; lastKnownFileType = folder.assetcatalog; path = Assets.xcassets; sourceTree = "<group>"; };
		2697EACD1DD30A5500490B2D /* Base */ = {isa = PBXFileReference; lastKnownFileType = file.storyboard; name = Base; path = Base.lproj/LaunchScreen.storyboard; sourceTree = "<group>"; };
		2697EACF1DD30A5500490B2D /* Info.plist */ = {isa = PBXFileReference; lastKnownFileType = text.plist.xml; path = Info.plist; sourceTree = "<group>"; };
		2697EAD41DD30A5500490B2D /* DYTVTests.xctest */ = {isa = PBXFileReference; explicitFileType = wrapper.cfbundle; includeInIndex = 0; path = DYTVTests.xctest; sourceTree = BUILT_PRODUCTS_DIR; };
		2697EAD81DD30A5500490B2D /* DYTVTests.swift */ = {isa = PBXFileReference; lastKnownFileType = sourcecode.swift; path = DYTVTests.swift; sourceTree = "<group>"; };
		2697EADA1DD30A5500490B2D /* Info.plist */ = {isa = PBXFileReference; lastKnownFileType = text.plist.xml; path = Info.plist; sourceTree = "<group>"; };
		2697EADF1DD30A5500490B2D /* DYTVUITests.xctest */ = {isa = PBXFileReference; explicitFileType = wrapper.cfbundle; includeInIndex = 0; path = DYTVUITests.xctest; sourceTree = BUILT_PRODUCTS_DIR; };
		2697EAE31DD30A5500490B2D /* DYTVUITests.swift */ = {isa = PBXFileReference; lastKnownFileType = sourcecode.swift; path = DYTVUITests.swift; sourceTree = "<group>"; };
		2697EAE51DD30A5500490B2D /* Info.plist */ = {isa = PBXFileReference; lastKnownFileType = text.plist.xml; path = Info.plist; sourceTree = "<group>"; };
/* End PBXFileReference section */

/* Begin PBXFrameworksBuildPhase section */
		2697EABD1DD30A5500490B2D /* Frameworks */ = {
			isa = PBXFrameworksBuildPhase;
			buildActionMask = 2147483647;
			files = (
			);
			runOnlyForDeploymentPostprocessing = 0;
		};
		2697EAD11DD30A5500490B2D /* Frameworks */ = {
			isa = PBXFrameworksBuildPhase;
			buildActionMask = 2147483647;
			files = (
			);
			runOnlyForDeploymentPostprocessing = 0;
		};
		2697EADC1DD30A5500490B2D /* Frameworks */ = {
			isa = PBXFrameworksBuildPhase;
			buildActionMask = 2147483647;
			files = (
			);
			runOnlyForDeploymentPostprocessing = 0;
		};
/* End PBXFrameworksBuildPhase section */

/* Begin PBXGroup section */
		2697EAB71DD30A5500490B2D = {
			isa = PBXGroup;
			children = (
				2697EAC21DD30A5500490B2D /* DYTV */,
				2697EAD71DD30A5500490B2D /* DYTVTests */,
				2697EAE21DD30A5500490B2D /* DYTVUITests */,
				2697EAC11DD30A5500490B2D /* Products */,
			);
			sourceTree = "<group>";
		};
		2697EAC11DD30A5500490B2D /* Products */ = {
			isa = PBXGroup;
			children = (
				2697EAC01DD30A5500490B2D /* DYTV.app */,
				2697EAD41DD30A5500490B2D /* DYTVTests.xctest */,
				2697EADF1DD30A5500490B2D /* DYTVUITests.xctest */,
			);
			name = Products;
			sourceTree = "<group>";
		};
		2697EAC21DD30A5500490B2D /* DYTV */ = {
			isa = PBXGroup;
			children = (
				2697EAC31DD30A5500490B2D /* AppDelegate.swift */,
				2697EAC51DD30A5500490B2D /* ViewController.swift */,
				2697EAC71DD30A5500490B2D /* Main.storyboard */,
				2697EACA1DD30A5500490B2D /* Assets.xcassets */,
				2697EACC1DD30A5500490B2D /* LaunchScreen.storyboard */,
				2697EACF1DD30A5500490B2D /* Info.plist */,
			);
			path = DYTV;
			sourceTree = "<group>";
		};
		2697EAD71DD30A5500490B2D /* DYTVTests */ = {
			isa = PBXGroup;
			children = (
				2697EAD81DD30A5500490B2D /* DYTVTests.swift */,
				2697EADA1DD30A5500490B2D /* Info.plist */,
			);
			path = DYTVTests;
			sourceTree = "<group>";
		};
		2697EAE21DD30A5500490B2D /* DYTVUITests */ = {
			isa = PBXGroup;
			children = (
				2697EAE31DD30A5500490B2D /* DYTVUITests.swift */,
				2697EAE51DD30A5500490B2D /* Info.plist */,
			);
			path = DYTVUITests;
			sourceTree = "<group>";
		};
/* End PBXGroup section */

/* Begin PBXNativeTarget section */
		2697EABF1DD30A5500490B2D /* DYTV */ = {
			isa = PBXNativeTarget;
			buildConfigurationList = 2697EAE81DD30A5500490B2D /* Build configuration list for PBXNativeTarget "DYTV" */;
			buildPhases = (
				2697EABC1DD30A5500490B2D /* Sources */,
				2697EABD1DD30A5500490B2D /* Frameworks */,
				2697EABE1DD30A5500490B2D /* Resources */,
			);
			buildRules = (
			);
			dependencies = (
			);
			name = DYTV;
			productName = DYTV;
			productReference = 2697EAC01DD30A5500490B2D /* DYTV.app */;
			productType = "com.apple.product-type.application";
		};
		2697EAD31DD30A5500490B2D /* DYTVTests */ = {
			isa = PBXNativeTarget;
			buildConfigurationList = 2697EAEB1DD30A5500490B2D /* Build configuration list for PBXNativeTarget "DYTVTests" */;
			buildPhases = (
				2697EAD01DD30A5500490B2D /* Sources */,
				2697EAD11DD30A5500490B2D /* Frameworks */,
				2697EAD21DD30A5500490B2D /* Resources */,
			);
			buildRules = (
			);
			dependencies = (
				2697EAD61DD30A5500490B2D /* PBXTargetDependency */,
			);
			name = DYTVTests;
			productName = DYTVTests;
			productReference = 2697EAD41DD30A5500490B2D /* DYTVTests.xctest */;
			productType = "com.apple.product-type.bundle.unit-test";
		};
		2697EADE1DD30A5500490B2D /* DYTVUITests */ = {
			isa = PBXNativeTarget;
			buildConfigurationList = 2697EAEE1DD30A5500490B2D /* Build configuration list for PBXNativeTarget "DYTVUITests" */;
			buildPhases = (
				2697EADB1DD30A5500490B2D /* Sources */,
				2697EADC1DD30A5500490B2D /* Frameworks */,
				2697EADD1DD30A5500490B2D /* Resources */,
			);
			buildRules = (
			);
			dependencies = (
				2697EAE11DD30A5500490B2D /* PBXTargetDependency */,
			);
			name = DYTVUITests;
			productName = DYTVUITests;
			productReference = 2697EADF1DD30A5500490B2D /* DYTVUITests.xctest */;
			productType = "com.apple.product-type.bundle.ui-testing";
		};
/* End PBXNativeTarget section */

/* Begin PBXProject section */
		2697EAB81DD30A5500490B2D /* Project object */ = {
			isa = PBXProject;
			attributes = {
				LastSwiftUpdateCheck = 0810;
				LastUpgradeCheck = 0810;
				ORGANIZATIONNAME = milo;
				TargetAttributes = {
					2697EABF1DD30A5500490B2D = {
						CreatedOnToolsVersion = 8.1;
						ProvisioningStyle = Automatic;
					};
					2697EAD31DD30A5500490B2D = {
						CreatedOnToolsVersion = 8.1;
						ProvisioningStyle = Automatic;
						TestTargetID = 2697EABF1DD30A5500490B2D;
					};
					2697EADE1DD30A5500490B2D = {
						CreatedOnToolsVersion = 8.1;
						ProvisioningStyle = Automatic;
						TestTargetID = 2697EABF1DD30A5500490B2D;
					};
				};
			};
			buildConfigurationList = 2697EABB1DD30A5500490B2D /* Build configuration list for PBXProject "DYTV" */;
			compatibilityVersion = "Xcode 3.2";
			developmentRegion = English;
			hasScannedForEncodings = 0;
			knownRegions = (
				en,
				Base,
			);
			mainGroup = 2697EAB71DD30A5500490B2D;
			productRefGroup = 2697EAC11DD30A5500490B2D /* Products */;
			projectDirPath = "";
			projectRoot = "";
			targets = (
				2697EABF1DD30A5500490B2D /* DYTV */,
				2697EAD31DD30A5500490B2D /* DYTVTests */,
				2697EADE1DD30A5500490B2D /* DYTVUITests */,
			);
		};
/* End PBXProject section */

/* Begin PBXResourcesBuildPhase section */
		2697EABE1DD30A5500490B2D /* Resources */ = {
			isa = PBXResourcesBuildPhase;
			buildActionMask = 2147483647;
			files = (
				2697EACE1DD30A5500490B2D /* LaunchScreen.storyboard in Resources */,
				2697EACB1DD30A5500490B2D /* Assets.xcassets in Resources */,
				2697EAC91DD30A5500490B2D /* Main.storyboard in Resources */,
			);
			runOnlyForDeploymentPostprocessing = 0;
		};
		2697EAD21DD30A5500490B2D /* Resources */ = {
			isa = PBXResourcesBuildPhase;
			buildActionMask = 2147483647;
			files = (
			);
			runOnlyForDeploymentPostprocessing = 0;
		};
		2697EADD1DD30A5500490B2D /* Resources */ = {
			isa = PBXResourcesBuildPhase;
			buildActionMask = 2147483647;
			files = (
			);
			runOnlyForDeploymentPostprocessing = 0;
		};
/* End PBXResourcesBuildPhase section */

/* Begin PBXSourcesBuildPhase section */
		2697EABC1DD30A5500490B2D /* Sources */ = {
			isa = PBXSourcesBuildPhase;
			buildActionMask = 2147483647;
			files = (
				2697EAC61DD30A5500490B2D /* ViewController.swift in Sources */,
				2697EAC41DD30A5500490B2D /* AppDelegate.swift in Sources */,
			);
			runOnlyForDeploymentPostprocessing = 0;
		};
		2697EAD01DD30A5500490B2D /* Sources */ = {
			isa = PBXSourcesBuildPhase;
			buildActionMask = 2147483647;
			files = (
				2697EAD91DD30A5500490B2D /* DYTVTests.swift in Sources */,
			);
			runOnlyForDeploymentPostprocessing = 0;
		};
		2697EADB1DD30A5500490B2D /* Sources */ = {
			isa = PBXSourcesBuildPhase;
			buildActionMask = 2147483647;
			files = (
				2697EAE41DD30A5500490B2D /* DYTVUITests.swift in Sources */,
			);
			runOnlyForDeploymentPostprocessing = 0;
		};
/* End PBXSourcesBuildPhase section */

/* Begin PBXTargetDependency section */
		2697EAD61DD30A5500490B2D /* PBXTargetDependency */ = {
			isa = PBXTargetDependency;
			target = 2697EABF1DD30A5500490B2D /* DYTV */;
			targetProxy = 2697EAD51DD30A5500490B2D /* PBXContainerItemProxy */;
		};
		2697EAE11DD30A5500490B2D /* PBXTargetDependency */ = {
			isa = PBXTargetDependency;
			target = 2697EABF1DD30A5500490B2D /* DYTV */;
			targetProxy = 2697EAE01DD30A5500490B2D /* PBXContainerItemProxy */;
		};
/* End PBXTargetDependency section */

/* Begin PBXVariantGroup section */
		2697EAC71DD30A5500490B2D /* Main.storyboard */ = {
			isa = PBXVariantGroup;
			children = (
				2697EAC81DD30A5500490B2D /* Base */,
			);
			name = Main.storyboard;
			sourceTree = "<group>";
		};
		2697EACC1DD30A5500490B2D /* LaunchScreen.storyboard */ = {
			isa = PBXVariantGroup;
			children = (
				2697EACD1DD30A5500490B2D /* Base */,
			);
			name = LaunchScreen.storyboard;
			sourceTree = "<group>";
		};
/* End PBXVariantGroup section */

/* Begin XCBuildConfiguration section */
		2697EAE61DD30A5500490B2D /* Debug */ = {
			isa = XCBuildConfiguration;
			buildSettings = {
				ALWAYS_SEARCH_USER_PATHS = NO;
				CLANG_ANALYZER_NONNULL = YES;
				CLANG_CXX_LANGUAGE_STANDARD = "gnu++0x";
				CLANG_CXX_LIBRARY = "libc++";
				CLANG_ENABLE_MODULES = YES;
				CLANG_ENABLE_OBJC_ARC = YES;
				CLANG_WARN_BOOL_CONVERSION = YES;
				CLANG_WARN_CONSTANT_CONVERSION = YES;
				CLANG_WARN_DIRECT_OBJC_ISA_USAGE = YES_ERROR;
				CLANG_WARN_DOCUMENTATION_COMMENTS = YES;
				CLANG_WARN_EMPTY_BODY = YES;
				CLANG_WARN_ENUM_CONVERSION = YES;
				CLANG_WARN_INFINITE_RECURSION = YES;
				CLANG_WARN_INT_CONVERSION = YES;
				CLANG_WARN_OBJC_ROOT_CLASS = YES_ERROR;
				CLANG_WARN_SUSPICIOUS_MOVES = YES;
				CLANG_WARN_UNREACHABLE_CODE = YES;
				CLANG_WARN__DUPLICATE_METHOD_MATCH = YES;
				"CODE_SIGN_IDENTITY[sdk=iphoneos*]" = "iPhone Developer";
				COPY_PHASE_STRIP = NO;
				DEBUG_INFORMATION_FORMAT = dwarf;
				ENABLE_STRICT_OBJC_MSGSEND = YES;
				ENABLE_TESTABILITY = YES;
				GCC_C_LANGUAGE_STANDARD = gnu99;
				GCC_DYNAMIC_NO_PIC = NO;
				GCC_NO_COMMON_BLOCKS = YES;
				GCC_OPTIMIZATION_LEVEL = 0;
				GCC_PREPROCESSOR_DEFINITIONS = (
					"DEBUG=1",
					"$(inherited)",
				);
				GCC_WARN_64_TO_32_BIT_CONVERSION = YES;
				GCC_WARN_ABOUT_RETURN_TYPE = YES_ERROR;
				GCC_WARN_UNDECLARED_SELECTOR = YES;
				GCC_WARN_UNINITIALIZED_AUTOS = YES_AGGRESSIVE;
				GCC_WARN_UNUSED_FUNCTION = YES;
				GCC_WARN_UNUSED_VARIABLE = YES;
				IPHONEOS_DEPLOYMENT_TARGET = 10.1;
				MTL_ENABLE_DEBUG_INFO = YES;
				ONLY_ACTIVE_ARCH = YES;
				SDKROOT = iphoneos;
				SWIFT_ACTIVE_COMPILATION_CONDITIONS = DEBUG;
				SWIFT_OPTIMIZATION_LEVEL = "-Onone";
				TARGETED_DEVICE_FAMILY = "1,2";
			};
			name = Debug;
		};
		2697EAE71DD30A5500490B2D /* Release */ = {
			isa = XCBuildConfiguration;
			buildSettings = {
				ALWAYS_SEARCH_USER_PATHS = NO;
				CLANG_ANALYZER_NONNULL = YES;
				CLANG_CXX_LANGUAGE_STANDARD = "gnu++0x";
				CLANG_CXX_LIBRARY = "libc++";
				CLANG_ENABLE_MODULES = YES;
				CLANG_ENABLE_OBJC_ARC = YES;
				CLANG_WARN_BOOL_CONVERSION = YES;
				CLANG_WARN_CONSTANT_CONVERSION = YES;
				CLANG_WARN_DIRECT_OBJC_ISA_USAGE = YES_ERROR;
				CLANG_WARN_DOCUMENTATION_COMMENTS = YES;
				CLANG_WARN_EMPTY_BODY = YES;
				CLANG_WARN_ENUM_CONVERSION = YES;
				CLANG_WARN_INFINITE_RECURSION = YES;
				CLANG_WARN_INT_CONVERSION = YES;
				CLANG_WARN_OBJC_ROOT_CLASS = YES_ERROR;
				CLANG_WARN_SUSPICIOUS_MOVES = YES;
				CLANG_WARN_UNREACHABLE_CODE = YES;
				CLANG_WARN__DUPLICATE_METHOD_MATCH = YES;
				"CODE_SIGN_IDENTITY[sdk=iphoneos*]" = "iPhone Developer";
				COPY_PHASE_STRIP = NO;
				DEBUG_INFORMATION_FORMAT = "dwarf-with-dsym";
				ENABLE_NS_ASSERTIONS = NO;
				ENABLE_STRICT_OBJC_MSGSEND = YES;
				GCC_C_LANGUAGE_STANDARD = gnu99;
				GCC_NO_COMMON_BLOCKS = YES;
				GCC_WARN_64_TO_32_BIT_CONVERSION = YES;
				GCC_WARN_ABOUT_RETURN_TYPE = YES_ERROR;
				GCC_WARN_UNDECLARED_SELECTOR = YES;
				GCC_WARN_UNINITIALIZED_AUTOS = YES_AGGRESSIVE;
				GCC_WARN_UNUSED_FUNCTION = YES;
				GCC_WARN_UNUSED_VARIABLE = YES;
				IPHONEOS_DEPLOYMENT_TARGET = 10.1;
				MTL_ENABLE_DEBUG_INFO = NO;
				SDKROOT = iphoneos;
				SWIFT_OPTIMIZATION_LEVEL = "-Owholemodule";
				TARGETED_DEVICE_FAMILY = "1,2";
				VALIDATE_PRODUCT = YES;
			};
			name = Release;
		};
		2697EAE91DD30A5500490B2D /* Debug */ = {
			isa = XCBuildConfiguration;
			buildSettings = {
				ASSETCATALOG_COMPILER_APPICON_NAME = AppIcon;
				INFOPLIST_FILE = DYTV/Info.plist;
				LD_RUNPATH_SEARCH_PATHS = "$(inherited) @executable_path/Frameworks";
				PRODUCT_BUNDLE_IDENTIFIER = MC.DYTV;
				PRODUCT_NAME = "$(TARGET_NAME)";
				SWIFT_VERSION = 3.0;
			};
			name = Debug;
		};
		2697EAEA1DD30A5500490B2D /* Release */ = {
			isa = XCBuildConfiguration;
			buildSettings = {
				ASSETCATALOG_COMPILER_APPICON_NAME = AppIcon;
				INFOPLIST_FILE = DYTV/Info.plist;
				LD_RUNPATH_SEARCH_PATHS = "$(inherited) @executable_path/Frameworks";
				PRODUCT_BUNDLE_IDENTIFIER = MC.DYTV;
				PRODUCT_NAME = "$(TARGET_NAME)";
				SWIFT_VERSION = 3.0;
			};
			name = Release;
		};
		2697EAEC1DD30A5500490B2D /* Debug */ = {
			isa = XCBuildConfiguration;
			buildSettings = {
				ALWAYS_EMBED_SWIFT_STANDARD_LIBRARIES = YES;
				BUNDLE_LOADER = "$(TEST_HOST)";
				INFOPLIST_FILE = DYTVTests/Info.plist;
				LD_RUNPATH_SEARCH_PATHS = "$(inherited) @executable_path/Frameworks @loader_path/Frameworks";
				PRODUCT_BUNDLE_IDENTIFIER = MC.DYTVTests;
				PRODUCT_NAME = "$(TARGET_NAME)";
				SWIFT_VERSION = 3.0;
				TEST_HOST = "$(BUILT_PRODUCTS_DIR)/DYTV.app/DYTV";
			};
			name = Debug;
		};
		2697EAED1DD30A5500490B2D /* Release */ = {
			isa = XCBuildConfiguration;
			buildSettings = {
				ALWAYS_EMBED_SWIFT_STANDARD_LIBRARIES = YES;
				BUNDLE_LOADER = "$(TEST_HOST)";
				INFOPLIST_FILE = DYTVTests/Info.plist;
				LD_RUNPATH_SEARCH_PATHS = "$(inherited) @executable_path/Frameworks @loader_path/Frameworks";
				PRODUCT_BUNDLE_IDENTIFIER = MC.DYTVTests;
				PRODUCT_NAME = "$(TARGET_NAME)";
				SWIFT_VERSION = 3.0;
				TEST_HOST = "$(BUILT_PRODUCTS_DIR)/DYTV.app/DYTV";
			};
			name = Release;
		};
		2697EAEF1DD30A5500490B2D /* Debug */ = {
			isa = XCBuildConfiguration;
			buildSettings = {
				ALWAYS_EMBED_SWIFT_STANDARD_LIBRARIES = YES;
				INFOPLIST_FILE = DYTVUITests/Info.plist;
				LD_RUNPATH_SEARCH_PATHS = "$(inherited) @executable_path/Frameworks @loader_path/Frameworks";
				PRODUCT_BUNDLE_IDENTIFIER = MC.DYTVUITests;
				PRODUCT_NAME = "$(TARGET_NAME)";
				SWIFT_VERSION = 3.0;
				TEST_TARGET_NAME = DYTV;
			};
			name = Debug;
		};
		2697EAF01DD30A5500490B2D /* Release */ = {
			isa = XCBuildConfiguration;
			buildSettings = {
				ALWAYS_EMBED_SWIFT_STANDARD_LIBRARIES = YES;
				INFOPLIST_FILE = DYTVUITests/Info.plist;
				LD_RUNPATH_SEARCH_PATHS = "$(inherited) @executable_path/Frameworks @loader_path/Frameworks";
				PRODUCT_BUNDLE_IDENTIFIER = MC.DYTVUITests;
				PRODUCT_NAME = "$(TARGET_NAME)";
				SWIFT_VERSION = 3.0;
				TEST_TARGET_NAME = DYTV;
			};
			name = Release;
		};
/* End XCBuildConfiguration section */

/* Begin XCConfigurationList section */
		2697EABB1DD30A5500490B2D /* Build configuration list for PBXProject "DYTV" */ = {
			isa = XCConfigurationList;
			buildConfigurations = (
				2697EAE61DD30A5500490B2D /* Debug */,
				2697EAE71DD30A5500490B2D /* Release */,
			);
			defaultConfigurationIsVisible = 0;
			defaultConfigurationName = Release;
		};
		2697EAE81DD30A5500490B2D /* Build configuration list for PBXNativeTarget "DYTV" */ = {
			isa = XCConfigurationList;
			buildConfigurations = (
				2697EAE91DD30A5500490B2D /* Debug */,
				2697EAEA1DD30A5500490B2D /* Release */,
			);
			defaultConfigurationIsVisible = 0;
		};
		2697EAEB1DD30A5500490B2D /* Build configuration list for PBXNativeTarget "DYTVTests" */ = {
			isa = XCConfigurationList;
			buildConfigurations = (
				2697EAEC1DD30A5500490B2D /* Debug */,
				2697EAED1DD30A5500490B2D /* Release */,
			);
			defaultConfigurationIsVisible = 0;
		};
		2697EAEE1DD30A5500490B2D /* Build configuration list for PBXNativeTarget "DYTVUITests" */ = {
			isa = XCConfigurationList;
			buildConfigurations = (
				2697EAEF1DD30A5500490B2D /* Debug */,
				2697EAF01DD30A5500490B2D /* Release */,
			);
			defaultConfigurationIsVisible = 0;
		};
/* End XCConfigurationList section */
	};
	rootObject = 2697EAB81DD30A5500490B2D /* Project object */;
}
